
Microsoft Visual Studio Solution File, Format Version 12.00
# Visual Studio 15
VisualStudioVersion = 15.0.28010.2036
MinimumVisualStudioVersion = 10.0.40219.1
Project("{FAE04EC0-301F-11D3-BF4B-00C04F79EFBC}") = "SportsStore.WebUI", "SportsStore.WebUI\SportsStore.WebUI.csproj", "{9E7C0064-5115-4378-A363-D4C5987B8FB2}"
EndProject
Project("{FAE04EC0-301F-11D3-BF4B-00C04F79EFBC}") = "SportsStore.Domain", "SportsStore.Domain\SportsStore.Domain.csproj", "{DC9F92AF-F467-4300-8BE5-CE0BCF1A2C12}"
EndProject
Project("{FAE04EC0-301F-11D3-BF4B-00C04F79EFBC}") = "SportsStore.UnitTests", "SportsStore.UnitTests\SportsStore.UnitTests.csproj", "{98124948-F88A-45F3-AD5B-C6E122756F84}"
EndProject
Global
	GlobalSection(SolutionConfigurationPlatforms) = preSolution
		Debug|Any CPU = Debug|Any CPU
		Release|Any CPU = Release|Any CPU
	EndGlobalSection
	GlobalSection(ProjectConfigurationPlatforms) = postSolution
		{9E7C0064-5115-4378-A363-D4C5987B8FB2}.Debug|Any CPU.ActiveCfg = Debug|Any CPU
		{9E7C0064-5115-4378-A363-D4C5987B8FB2}.Debug|Any CPU.Build.0 = Debug|Any CPU
		{9E7C0064-5115-4378-A363-D4C5987B8FB2}.Release|Any CPU.ActiveCfg = Release|Any CPU
		{9E7C0064-5115-4378-A363-D4C5987B8FB2}.Release|Any CPU.Build.0 = Release|Any CPU
		{DC9F92AF-F467-4300-8BE5-CE0BCF1A2C12}.Debug|Any CPU.ActiveCfg = Debug|Any CPU
		{DC9F92AF-F467-4300-8BE5-CE0BCF1A2C12}.Debug|Any CPU.Build.0 = Debug|Any CPU
		{DC9F92AF-F467-4300-8BE5-CE0BCF1A2C12}.Release|Any CPU.ActiveCfg = Release|Any CPU
		{DC9F92AF-F467-4300-8BE5-CE0BCF1A2C12}.Release|Any CPU.Build.0 = Release|Any CPU
		{98124948-F88A-45F3-AD5B-C6E122756F84}.Debug|Any CPU.ActiveCfg = Debug|Any CPU
		{98124948-F88A-45F3-AD5B-C6E122756F84}.Debug|Any CPU.Build.0 = Debug|Any CPU
		{98124948-F88A-45F3-AD5B-C6E122756F84}.Release|Any CPU.ActiveCfg = Release|Any CPU
		{98124948-F88A-45F3-AD5B-C6E122756F84}.Release|Any CPU.Build.0 = Release|Any CPU
	EndGlobalSection
	GlobalSection(SolutionProperties) = preSolution
		HideSolutionNode = FALSE
	EndGlobalSection
	GlobalSection(ExtensibilityGlobals) = postSolution
		SolutionGuid = {4BBD7477-1DF5-47E6-A4CC-469E7DB4C289}
	EndGlobalSection
EndGlobal
